{
  "version": 4,
  "terraform_version": "1.5.7",
  "serial": 1,
  "lineage": "b9687e1f-7b77-5264-a690-e5d0d828d54d",
  "outputs": {},
  "resources": [
    {
      "mode": "managed",
      "type": "saviynt_role",
      "name": "enterprise_ops_lead",
      "provider": "provider[\"registry.terraform.io/saviynt/saviynt\"]",
      "instances": [
        {
          "schema_version": 0,
          "attributes": {
            "id": "ROLE_991823",
            "name": "Enterprise Operations Lead",
            "description": "Access control for operations leads across all zones.",
            "status": "ACTIVE",
            "role_type": "SYSTEM_ACCESS",
            "owner": "admin",
            "last_updated": "2026-05-30T17:31:00Z"
          }
        }
      ]
    },
    {
      "mode": "managed",
      "type": "saviynt_task",
      "name": "daily_compliance_audit",
      "provider": "provider[\"registry.terraform.io/saviynt/saviynt\"]",
      "instances": [
        {
          "schema_version": 0,
          "attributes": {
            "id": "TASK_388122",
            "name": "Daily Compliance Audit Job",
            "task_type": "RECONCILIATION",
            "frequency": "DAILY",
            "status": "SUCCESS",
            "last_run": "2026-05-30T12:00:00Z"
          }
        }
      ]
    },
    {
      "mode": "managed",
      "type": "saviynt_lookup",
      "name": "country_code_mappings",
      "provider": "provider[\"registry.terraform.io/saviynt/saviynt\"]",
      "instances": [
        {
          "schema_version": 0,
          "attributes": {
            "id": "LOOKUP_011922",
            "name": "Country Code Mappings Directory",
            "status": "ACTIVE",
            "values": ["US", "CA", "IN", "DE", "GB"]
          }
        }
      ]
    }
  ],
  "check_results": null
}
